
Microsoft Visual Studio Solution File, Format Version 12.00
# Visual Studio Version 16
VisualStudioVersion = 16.0.28729.10
MinimumVisualStudioVersion = 10.0.40219.1
Project("{FAE04EC0-301F-11D3-BF4B-00C04F79EFBC}") = "JobHorizonAPI", "JobHorizonAPI\JobHorizonAPI.csproj", "{E7881C91-84FB-40B8-9584-404B44242FFF}"
EndProject
Global
	GlobalSection(SolutionConfigurationPlatforms) = preSolution
		Debug|Any CPU = Debug|Any CPU
		Release|Any CPU = Release|Any CPU
	EndGlobalSection
	GlobalSection(ProjectConfigurationPlatforms) = postSolution
		{E7881C91-84FB-40B8-9584-404B44242FFF}.Debug|Any CPU.ActiveCfg = Debug|Any CPU
		{E7881C91-84FB-40B8-9584-404B44242FFF}.Debug|Any CPU.Build.0 = Debug|Any CPU
		{E7881C91-84FB-40B8-9584-404B44242FFF}.Release|Any CPU.ActiveCfg = Release|Any CPU
		{E7881C91-84FB-40B8-9584-404B44242FFF}.Release|Any CPU.Build.0 = Release|Any CPU
	EndGlobalSection
	GlobalSection(SolutionProperties) = preSolution
		HideSolutionNode = FALSE
	EndGlobalSection
	GlobalSection(ExtensibilityGlobals) = postSolution
		SolutionGuid = {FA83AE53-CD38-4AED-B2C6-40DFF5820628}
	EndGlobalSection
EndGlobal
